
Microsoft Visual Studio Solution File, Format Version 12.00
# Visual Studio Version 16
VisualStudioVersion = 16.0.31702.278
MinimumVisualStudioVersion = 10.0.40219.1
Project("{FAE04EC0-301F-11D3-BF4B-00C04F79EFBC}") = "Prueba1", "..\..\..\source\repos\Prueba1\Prueba1\Prueba1.csproj", "{42D00C8B-00F5-4355-BB3D-837F91C47E0C}"
EndProject
Global
	GlobalSection(SolutionConfigurationPlatforms) = preSolution
		Debug|Any CPU = Debug|Any CPU
		Release|Any CPU = Release|Any CPU
	EndGlobalSection
	GlobalSection(ProjectConfigurationPlatforms) = postSolution
		{42D00C8B-00F5-4355-BB3D-837F91C47E0C}.Debug|Any CPU.ActiveCfg = Debug|Any CPU
		{42D00C8B-00F5-4355-BB3D-837F91C47E0C}.Debug|Any CPU.Build.0 = Debug|Any CPU
		{42D00C8B-00F5-4355-BB3D-837F91C47E0C}.Release|Any CPU.ActiveCfg = Release|Any CPU
		{42D00C8B-00F5-4355-BB3D-837F91C47E0C}.Release|Any CPU.Build.0 = Release|Any CPU
	EndGlobalSection
	GlobalSection(SolutionProperties) = preSolution
		HideSolutionNode = FALSE
	EndGlobalSection
	GlobalSection(ExtensibilityGlobals) = postSolution
		SolutionGuid = {12EE336C-6AD0-4A64-81E9-00B6EE11033D}
	EndGlobalSection
EndGlobal
